
Microsoft Visual Studio Solution File, Format Version 12.00
# Visual Studio Version 17
VisualStudioVersion = 17.2.32526.322
MinimumVisualStudioVersion = 10.0.40219.1
Project("{9A19103F-16F7-4668-BE54-9A1E7A4F7556}") = "MainCore", "MainCore\MainCore.csproj", "{BD889548-CD9E-40B2-942F-FE8A6A9FBE71}"
EndProject
Project("{9A19103F-16F7-4668-BE54-9A1E7A4F7556}") = "WPFUI", "WPFUI\WPFUI.csproj", "{6CF76153-30C5-4F28-AE7B-C058F932FAC5}"
EndProject
Project("{9A19103F-16F7-4668-BE54-9A1E7A4F7556}") = "TTWarsCore", "TTWarsCore\TTWarsCore.csproj", "{9FFB28C4-1EF6-4803-BA93-ED99EFC12932}"
EndProject
Project("{9A19103F-16F7-4668-BE54-9A1E7A4F7556}") = "TravianOffcialCore", "TravianOffcialCore\TravianOffcialCore.csproj", "{D663785D-6F7D-4F37-9B4B-0D0C1E8067EF}"
EndProject
Project("{9A19103F-16F7-4668-BE54-9A1E7A4F7556}") = "TravianOfficalNewHeroUICore", "TravianOfficalNewHeroUICore\TravianOfficalNewHeroUICore.csproj", "{9D58E37F-38B7-473B-B2F9-A23B31EC3C49}"
EndProject
Project("{FAE04EC0-301F-11D3-BF4B-00C04F79EFBC}") = "TestProject", "TestProject\TestProject.csproj", "{6A81A22F-139C-4124-A8D1-B9368270E25A}"
EndProject
Global
	GlobalSection(SolutionConfigurationPlatforms) = preSolution
		Debug|Any CPU = Debug|Any CPU
		Debug|x64 = Debug|x64
		Debug|x86 = Debug|x86
		Release|Any CPU = Release|Any CPU
		Release|x64 = Release|x64
		Release|x86 = Release|x86
	EndGlobalSection
	GlobalSection(ProjectConfigurationPlatforms) = postSolution
		{BD889548-CD9E-40B2-942F-FE8A6A9FBE71}.Debug|Any CPU.ActiveCfg = Debug|Any CPU
		{BD889548-CD9E-40B2-942F-FE8A6A9FBE71}.Debug|Any CPU.Build.0 = Debug|Any CPU
		{BD889548-CD9E-40B2-942F-FE8A6A9FBE71}.Debug|x64.ActiveCfg = Debug|Any CPU
		{BD889548-CD9E-40B2-942F-FE8A6A9FBE71}.Debug|x64.Build.0 = Debug|Any CPU
		{BD889548-CD9E-40B2-942F-FE8A6A9FBE71}.Debug|x86.ActiveCfg = Debug|Any CPU
		{BD889548-CD9E-40B2-942F-FE8A6A9FBE71}.Debug|x86.Build.0 = Debug|Any CPU
		{BD889548-CD9E-40B2-942F-FE8A6A9FBE71}.Release|Any CPU.ActiveCfg = Release|Any CPU
		{BD889548-CD9E-40B2-942F-FE8A6A9FBE71}.Release|Any CPU.Build.0 = Release|Any CPU
		{BD889548-CD9E-40B2-942F-FE8A6A9FBE71}.Release|x64.ActiveCfg = Release|Any CPU
		{BD889548-CD9E-40B2-942F-FE8A6A9FBE71}.Release|x64.Build.0 = Release|Any CPU
		{BD889548-CD9E-40B2-942F-FE8A6A9FBE71}.Release|x86.ActiveCfg = Release|Any CPU
		{BD889548-CD9E-40B2-942F-FE8A6A9FBE71}.Release|x86.Build.0 = Release|Any CPU
		{6CF76153-30C5-4F28-AE7B-C058F932FAC5}.Debug|Any CPU.ActiveCfg = Debug|Any CPU
		{6CF76153-30C5-4F28-AE7B-C058F932FAC5}.Debug|Any CPU.Build.0 = Debug|Any CPU
		{6CF76153-30C5-4F28-AE7B-C058F932FAC5}.Debug|x64.ActiveCfg = Debug|Any CPU
		{6CF76153-30C5-4F28-AE7B-C058F932FAC5}.Debug|x64.Build.0 = Debug|Any CPU
		{6CF76153-30C5-4F28-AE7B-C058F932FAC5}.Debug|x86.ActiveCfg = Debug|Any CPU
		{6CF76153-30C5-4F28-AE7B-C058F932FAC5}.Debug|x86.Build.0 = Debug|Any CPU
		{6CF76153-30C5-4F28-AE7B-C058F932FAC5}.Release|Any CPU.ActiveCfg = Release|Any CPU
		{6CF76153-30C5-4F28-AE7B-C058F932FAC5}.Release|Any CPU.Build.0 = Release|Any CPU
		{6CF76153-30C5-4F28-AE7B-C058F932FAC5}.Release|x64.ActiveCfg = Release|Any CPU
		{6CF76153-30C5-4F28-AE7B-C058F932FAC5}.Release|x64.Build.0 = Release|Any CPU
		{6CF76153-30C5-4F28-AE7B-C058F932FAC5}.Release|x86.ActiveCfg = Release|Any CPU
		{6CF76153-30C5-4F28-AE7B-C058F932FAC5}.Release|x86.Build.0 = Release|Any CPU
		{9FFB28C4-1EF6-4803-BA93-ED99EFC12932}.Debug|Any CPU.ActiveCfg = Debug|Any CPU
		{9FFB28C4-1EF6-4803-BA93-ED99EFC12932}.Debug|Any CPU.Build.0 = Debug|Any CPU
		{9FFB28C4-1EF6-4803-BA93-ED99EFC12932}.Debug|x64.ActiveCfg = Debug|Any CPU
		{9FFB28C4-1EF6-4803-BA93-ED99EFC12932}.Debug|x64.Build.0 = Debug|Any CPU
		{9FFB28C4-1EF6-4803-BA93-ED99EFC12932}.Debug|x86.ActiveCfg = Debug|Any CPU
		{9FFB28C4-1EF6-4803-BA93-ED99EFC12932}.Debug|x86.Build.0 = Debug|Any CPU
		{9FFB28C4-1EF6-4803-BA93-ED99EFC12932}.Release|Any CPU.ActiveCfg = Release|Any CPU
		{9FFB28C4-1EF6-4803-BA93-ED99EFC12932}.Release|Any CPU.Build.0 = Release|Any CPU
		{9FFB28C4-1EF6-4803-BA93-ED99EFC12932}.Release|x64.ActiveCfg = Release|Any CPU
		{9FFB28C4-1EF6-4803-BA93-ED99EFC12932}.Release|x64.Build.0 = Release|Any CPU
		{9FFB28C4-1EF6-4803-BA93-ED99EFC12932}.Release|x86.ActiveCfg = Release|Any CPU
		{9FFB28C4-1EF6-4803-BA93-ED99EFC12932}.Release|x86.Build.0 = Release|Any CPU
		{D663785D-6F7D-4F37-9B4B-0D0C1E8067EF}.Debug|Any CPU.ActiveCfg = Debug|Any CPU
		{D663785D-6F7D-4F37-9B4B-0D0C1E8067EF}.Debug|Any CPU.Build.0 = Debug|Any CPU
		{D663785D-6F7D-4F37-9B4B-0D0C1E8067EF}.Debug|x64.ActiveCfg = Debug|Any CPU
		{D663785D-6F7D-4F37-9B4B-0D0C1E8067EF}.Debug|x64.Build.0 = Debug|Any CPU
		{D663785D-6F7D-4F37-9B4B-0D0C1E8067EF}.Debug|x86.ActiveCfg = Debug|Any CPU
		{D663785D-6F7D-4F37-9B4B-0D0C1E8067EF}.Debug|x86.Build.0 = Debug|Any CPU
		{D663785D-6F7D-4F37-9B4B-0D0C1E8067EF}.Release|Any CPU.ActiveCfg = Release|Any CPU
		{D663785D-6F7D-4F37-9B4B-0D0C1E8067EF}.Release|Any CPU.Build.0 = Release|Any CPU
		{D663785D-6F7D-4F37-9B4B-0D0C1E8067EF}.Release|x64.ActiveCfg = Release|Any CPU
		{D663785D-6F7D-4F37-9B4B-0D0C1E8067EF}.Release|x64.Build.0 = Release|Any CPU
		{D663785D-6F7D-4F37-9B4B-0D0C1E8067EF}.Release|x86.ActiveCfg = Release|Any CPU
		{D663785D-6F7D-4F37-9B4B-0D0C1E8067EF}.Release|x86.Build.0 = Release|Any CPU
		{9D58E37F-38B7-473B-B2F9-A23B31EC3C49}.Debug|Any CPU.ActiveCfg = Debug|Any CPU
		{9D58E37F-38B7-473B-B2F9-A23B31EC3C49}.Debug|Any CPU.Build.0 = Debug|Any CPU
		{9D58E37F-38B7-473B-B2F9-A23B31EC3C49}.Debug|x64.ActiveCfg = Debug|Any CPU
		{9D58E37F-38B7-473B-B2F9-A23B31EC3C49}.Debug|x64.Build.0 = Debug|Any CPU
		{9D58E37F-38B7-473B-B2F9-A23B31EC3C49}.Debug|x86.ActiveCfg = Debug|Any CPU
		{9D58E37F-38B7-473B-B2F9-A23B31EC3C49}.Debug|x86.Build.0 = Debug|Any CPU
		{9D58E37F-38B7-473B-B2F9-A23B31EC3C49}.Release|Any CPU.ActiveCfg = Release|Any CPU
		{9D58E37F-38B7-473B-B2F9-A23B31EC3C49}.Release|Any CPU.Build.0 = Release|Any CPU
		{9D58E37F-38B7-473B-B2F9-A23B31EC3C49}.Release|x64.ActiveCfg = Release|Any CPU
		{9D58E37F-38B7-473B-B2F9-A23B31EC3C49}.Release|x64.Build.0 = Release|Any CPU
		{9D58E37F-38B7-473B-B2F9-A23B31EC3C49}.Release|x86.ActiveCfg = Release|Any CPU
		{9D58E37F-38B7-473B-B2F9-A23B31EC3C49}.Release|x86.Build.0 = Release|Any CPU
		{6A81A22F-139C-4124-A8D1-B9368270E25A}.Debug|Any CPU.ActiveCfg = Debug|Any CPU
		{6A81A22F-139C-4124-A8D1-B9368270E25A}.Debug|Any CPU.Build.0 = Debug|Any CPU
		{6A81A22F-139C-4124-A8D1-B9368270E25A}.Debug|x64.ActiveCfg = Debug|Any CPU
		{6A81A22F-139C-4124-A8D1-B9368270E25A}.Debug|x64.Build.0 = Debug|Any CPU
		{6A81A22F-139C-4124-A8D1-B9368270E25A}.Debug|x86.ActiveCfg = Debug|Any CPU
		{6A81A22F-139C-4124-A8D1-B9368270E25A}.Debug|x86.Build.0 = Debug|Any CPU
		{6A81A22F-139C-4124-A8D1-B9368270E25A}.Release|Any CPU.ActiveCfg = Release|Any CPU
		{6A81A22F-139C-4124-A8D1-B9368270E25A}.Release|Any CPU.Build.0 = Release|Any CPU
		{6A81A22F-139C-4124-A8D1-B9368270E25A}.Release|x64.ActiveCfg = Release|Any CPU
		{6A81A22F-139C-4124-A8D1-B9368270E25A}.Release|x64.Build.0 = Release|Any CPU
		{6A81A22F-139C-4124-A8D1-B9368270E25A}.Release|x86.ActiveCfg = Release|Any CPU
		{6A81A22F-139C-4124-A8D1-B9368270E25A}.Release|x86.Build.0 = Release|Any CPU
	EndGlobalSection
	GlobalSection(SolutionProperties) = preSolution
		HideSolutionNode = FALSE
	EndGlobalSection
	GlobalSection(ExtensibilityGlobals) = postSolution
		SolutionGuid = {AF126A0D-9BBF-4CF5-A558-1494F02E8B8E}
	EndGlobalSection
EndGlobal
