
Microsoft Visual Studio Solution File, Format Version 12.00
# Visual Studio Version 17
VisualStudioVersion = 17.2.32526.322
MinimumVisualStudioVersion = 10.0.40219.1
Project("{FAE04EC0-301F-11D3-BF4B-00C04F79EFBC}") = "TbsWinForms", "TravBotSharp\TbsWinForms.csproj", "{D0B75C28-A48F-4C0E-AD41-99A8EA28496D}"
EndProject
Project("{9A19103F-16F7-4668-BE54-9A1E7A4F7556}") = "TbsCore", "TbsCore\TbsCore.csproj", "{E343F06A-B322-41B6-889D-E349865341D7}"
EndProject
Project("{9A19103F-16F7-4668-BE54-9A1E7A4F7556}") = "TbsCoreTest", "TbsCoreTest\TbsCoreTest.csproj", "{BD027CDE-12E3-4548-8B32-3EEF83B73646}"
EndProject
Project("{9A19103F-16F7-4668-BE54-9A1E7A4F7556}") = "TbsWinformNet6", "TbsWinformNet6\TbsWinformNet6.csproj", "{46CDB439-9266-482C-8618-3ACB65F356B9}"
EndProject
Project("{FAE04EC0-301F-11D3-BF4B-00C04F79EFBC}") = "MainCore", "MainCore\MainCore.csproj", "{BD889548-CD9E-40B2-942F-FE8A6A9FBE71}"
EndProject
Project("{FAE04EC0-301F-11D3-BF4B-00C04F79EFBC}") = "WPFUI", "WPFUI\WPFUI.csproj", "{6CF76153-30C5-4F28-AE7B-C058F932FAC5}"
EndProject
Project("{FAE04EC0-301F-11D3-BF4B-00C04F79EFBC}") = "TTWarsCore", "TTWarsCore\TTWarsCore.csproj", "{C71E03A5-5C48-4C93-A35E-3F78B37A88F9}"
EndProject
Global
	GlobalSection(SolutionConfigurationPlatforms) = preSolution
		Debug|Any CPU = Debug|Any CPU
		Debug|x64 = Debug|x64
		Debug|x86 = Debug|x86
		Release|Any CPU = Release|Any CPU
		Release|x64 = Release|x64
		Release|x86 = Release|x86
	EndGlobalSection
	GlobalSection(ProjectConfigurationPlatforms) = postSolution
		{D0B75C28-A48F-4C0E-AD41-99A8EA28496D}.Debug|Any CPU.ActiveCfg = Debug|Any CPU
		{D0B75C28-A48F-4C0E-AD41-99A8EA28496D}.Debug|Any CPU.Build.0 = Debug|Any CPU
		{D0B75C28-A48F-4C0E-AD41-99A8EA28496D}.Debug|x64.ActiveCfg = Debug|x64
		{D0B75C28-A48F-4C0E-AD41-99A8EA28496D}.Debug|x64.Build.0 = Debug|x64
		{D0B75C28-A48F-4C0E-AD41-99A8EA28496D}.Debug|x86.ActiveCfg = Debug|x86
		{D0B75C28-A48F-4C0E-AD41-99A8EA28496D}.Debug|x86.Build.0 = Debug|x86
		{D0B75C28-A48F-4C0E-AD41-99A8EA28496D}.Release|Any CPU.ActiveCfg = Release|Any CPU
		{D0B75C28-A48F-4C0E-AD41-99A8EA28496D}.Release|Any CPU.Build.0 = Release|Any CPU
		{D0B75C28-A48F-4C0E-AD41-99A8EA28496D}.Release|x64.ActiveCfg = Release|Any CPU
		{D0B75C28-A48F-4C0E-AD41-99A8EA28496D}.Release|x64.Build.0 = Release|Any CPU
		{D0B75C28-A48F-4C0E-AD41-99A8EA28496D}.Release|x86.ActiveCfg = Release|x86
		{D0B75C28-A48F-4C0E-AD41-99A8EA28496D}.Release|x86.Build.0 = Release|x86
		{E343F06A-B322-41B6-889D-E349865341D7}.Debug|Any CPU.ActiveCfg = Debug|Any CPU
		{E343F06A-B322-41B6-889D-E349865341D7}.Debug|Any CPU.Build.0 = Debug|Any CPU
		{E343F06A-B322-41B6-889D-E349865341D7}.Debug|x64.ActiveCfg = Debug|Any CPU
		{E343F06A-B322-41B6-889D-E349865341D7}.Debug|x64.Build.0 = Debug|Any CPU
		{E343F06A-B322-41B6-889D-E349865341D7}.Debug|x86.ActiveCfg = Debug|Any CPU
		{E343F06A-B322-41B6-889D-E349865341D7}.Debug|x86.Build.0 = Debug|Any CPU
		{E343F06A-B322-41B6-889D-E349865341D7}.Release|Any CPU.ActiveCfg = Release|Any CPU
		{E343F06A-B322-41B6-889D-E349865341D7}.Release|Any CPU.Build.0 = Release|Any CPU
		{E343F06A-B322-41B6-889D-E349865341D7}.Release|x64.ActiveCfg = Release|Any CPU
		{E343F06A-B322-41B6-889D-E349865341D7}.Release|x64.Build.0 = Release|Any CPU
		{E343F06A-B322-41B6-889D-E349865341D7}.Release|x86.ActiveCfg = Release|Any CPU
		{E343F06A-B322-41B6-889D-E349865341D7}.Release|x86.Build.0 = Release|Any CPU
		{BD027CDE-12E3-4548-8B32-3EEF83B73646}.Debug|Any CPU.ActiveCfg = Debug|Any CPU
		{BD027CDE-12E3-4548-8B32-3EEF83B73646}.Debug|Any CPU.Build.0 = Debug|Any CPU
		{BD027CDE-12E3-4548-8B32-3EEF83B73646}.Debug|x64.ActiveCfg = Debug|Any CPU
		{BD027CDE-12E3-4548-8B32-3EEF83B73646}.Debug|x64.Build.0 = Debug|Any CPU
		{BD027CDE-12E3-4548-8B32-3EEF83B73646}.Debug|x86.ActiveCfg = Debug|Any CPU
		{BD027CDE-12E3-4548-8B32-3EEF83B73646}.Debug|x86.Build.0 = Debug|Any CPU
		{BD027CDE-12E3-4548-8B32-3EEF83B73646}.Release|Any CPU.ActiveCfg = Release|Any CPU
		{BD027CDE-12E3-4548-8B32-3EEF83B73646}.Release|Any CPU.Build.0 = Release|Any CPU
		{BD027CDE-12E3-4548-8B32-3EEF83B73646}.Release|x64.ActiveCfg = Release|Any CPU
		{BD027CDE-12E3-4548-8B32-3EEF83B73646}.Release|x64.Build.0 = Release|Any CPU
		{BD027CDE-12E3-4548-8B32-3EEF83B73646}.Release|x86.ActiveCfg = Release|Any CPU
		{BD027CDE-12E3-4548-8B32-3EEF83B73646}.Release|x86.Build.0 = Release|Any CPU
		{46CDB439-9266-482C-8618-3ACB65F356B9}.Debug|Any CPU.ActiveCfg = Debug|Any CPU
		{46CDB439-9266-482C-8618-3ACB65F356B9}.Debug|Any CPU.Build.0 = Debug|Any CPU
		{46CDB439-9266-482C-8618-3ACB65F356B9}.Debug|x64.ActiveCfg = Debug|Any CPU
		{46CDB439-9266-482C-8618-3ACB65F356B9}.Debug|x64.Build.0 = Debug|Any CPU
		{46CDB439-9266-482C-8618-3ACB65F356B9}.Debug|x86.ActiveCfg = Debug|Any CPU
		{46CDB439-9266-482C-8618-3ACB65F356B9}.Debug|x86.Build.0 = Debug|Any CPU
		{46CDB439-9266-482C-8618-3ACB65F356B9}.Release|Any CPU.ActiveCfg = Release|Any CPU
		{46CDB439-9266-482C-8618-3ACB65F356B9}.Release|Any CPU.Build.0 = Release|Any CPU
		{46CDB439-9266-482C-8618-3ACB65F356B9}.Release|x64.ActiveCfg = Release|Any CPU
		{46CDB439-9266-482C-8618-3ACB65F356B9}.Release|x64.Build.0 = Release|Any CPU
		{46CDB439-9266-482C-8618-3ACB65F356B9}.Release|x86.ActiveCfg = Release|Any CPU
		{46CDB439-9266-482C-8618-3ACB65F356B9}.Release|x86.Build.0 = Release|Any CPU
		{BD889548-CD9E-40B2-942F-FE8A6A9FBE71}.Debug|Any CPU.ActiveCfg = Debug|Any CPU
		{BD889548-CD9E-40B2-942F-FE8A6A9FBE71}.Debug|Any CPU.Build.0 = Debug|Any CPU
		{BD889548-CD9E-40B2-942F-FE8A6A9FBE71}.Debug|x64.ActiveCfg = Debug|Any CPU
		{BD889548-CD9E-40B2-942F-FE8A6A9FBE71}.Debug|x64.Build.0 = Debug|Any CPU
		{BD889548-CD9E-40B2-942F-FE8A6A9FBE71}.Debug|x86.ActiveCfg = Debug|Any CPU
		{BD889548-CD9E-40B2-942F-FE8A6A9FBE71}.Debug|x86.Build.0 = Debug|Any CPU
		{BD889548-CD9E-40B2-942F-FE8A6A9FBE71}.Release|Any CPU.ActiveCfg = Release|Any CPU
		{BD889548-CD9E-40B2-942F-FE8A6A9FBE71}.Release|Any CPU.Build.0 = Release|Any CPU
		{BD889548-CD9E-40B2-942F-FE8A6A9FBE71}.Release|x64.ActiveCfg = Release|Any CPU
		{BD889548-CD9E-40B2-942F-FE8A6A9FBE71}.Release|x64.Build.0 = Release|Any CPU
		{BD889548-CD9E-40B2-942F-FE8A6A9FBE71}.Release|x86.ActiveCfg = Release|Any CPU
		{BD889548-CD9E-40B2-942F-FE8A6A9FBE71}.Release|x86.Build.0 = Release|Any CPU
		{6CF76153-30C5-4F28-AE7B-C058F932FAC5}.Debug|Any CPU.ActiveCfg = Debug|Any CPU
		{6CF76153-30C5-4F28-AE7B-C058F932FAC5}.Debug|Any CPU.Build.0 = Debug|Any CPU
		{6CF76153-30C5-4F28-AE7B-C058F932FAC5}.Debug|x64.ActiveCfg = Debug|Any CPU
		{6CF76153-30C5-4F28-AE7B-C058F932FAC5}.Debug|x64.Build.0 = Debug|Any CPU
		{6CF76153-30C5-4F28-AE7B-C058F932FAC5}.Debug|x86.ActiveCfg = Debug|Any CPU
		{6CF76153-30C5-4F28-AE7B-C058F932FAC5}.Debug|x86.Build.0 = Debug|Any CPU
		{6CF76153-30C5-4F28-AE7B-C058F932FAC5}.Release|Any CPU.ActiveCfg = Release|Any CPU
		{6CF76153-30C5-4F28-AE7B-C058F932FAC5}.Release|Any CPU.Build.0 = Release|Any CPU
		{6CF76153-30C5-4F28-AE7B-C058F932FAC5}.Release|x64.ActiveCfg = Release|Any CPU
		{6CF76153-30C5-4F28-AE7B-C058F932FAC5}.Release|x64.Build.0 = Release|Any CPU
		{6CF76153-30C5-4F28-AE7B-C058F932FAC5}.Release|x86.ActiveCfg = Release|Any CPU
		{6CF76153-30C5-4F28-AE7B-C058F932FAC5}.Release|x86.Build.0 = Release|Any CPU
		{C71E03A5-5C48-4C93-A35E-3F78B37A88F9}.Debug|Any CPU.ActiveCfg = Debug|Any CPU
		{C71E03A5-5C48-4C93-A35E-3F78B37A88F9}.Debug|Any CPU.Build.0 = Debug|Any CPU
		{C71E03A5-5C48-4C93-A35E-3F78B37A88F9}.Debug|x64.ActiveCfg = Debug|Any CPU
		{C71E03A5-5C48-4C93-A35E-3F78B37A88F9}.Debug|x64.Build.0 = Debug|Any CPU
		{C71E03A5-5C48-4C93-A35E-3F78B37A88F9}.Debug|x86.ActiveCfg = Debug|Any CPU
		{C71E03A5-5C48-4C93-A35E-3F78B37A88F9}.Debug|x86.Build.0 = Debug|Any CPU
		{C71E03A5-5C48-4C93-A35E-3F78B37A88F9}.Release|Any CPU.ActiveCfg = Release|Any CPU
		{C71E03A5-5C48-4C93-A35E-3F78B37A88F9}.Release|Any CPU.Build.0 = Release|Any CPU
		{C71E03A5-5C48-4C93-A35E-3F78B37A88F9}.Release|x64.ActiveCfg = Release|Any CPU
		{C71E03A5-5C48-4C93-A35E-3F78B37A88F9}.Release|x64.Build.0 = Release|Any CPU
		{C71E03A5-5C48-4C93-A35E-3F78B37A88F9}.Release|x86.ActiveCfg = Release|Any CPU
		{C71E03A5-5C48-4C93-A35E-3F78B37A88F9}.Release|x86.Build.0 = Release|Any CPU
	EndGlobalSection
	GlobalSection(SolutionProperties) = preSolution
		HideSolutionNode = FALSE
	EndGlobalSection
	GlobalSection(ExtensibilityGlobals) = postSolution
		SolutionGuid = {AF126A0D-9BBF-4CF5-A558-1494F02E8B8E}
	EndGlobalSection
EndGlobal
