{
  "version": 1,
  "dependencies": {
    "net6.0": {
      "Avalonia": {
        "type": "Direct",
        "requested": "[0.10.14, )",
        "resolved": "0.10.14",
        "contentHash": "/F6Shs6CfsKWiMavBvSCu6j9hVWWOH6aCpzPcQHP75gM08aDqQ93dityGxaAabmbZpCqnDILP9MPY9I/fYovGA==",
        "dependencies": {
          "Avalonia.Remote.Protocol": "0.10.14",
          "JetBrains.Annotations": "10.3.0",
          "System.ComponentModel.Annotations": "4.5.0",
          "System.Memory": "4.5.3",
          "System.Reactive": "5.0.0",
          "System.Runtime.CompilerServices.Unsafe": "4.6.0",
          "System.ValueTuple": "4.5.0"
        }
      },
      "Avalonia.Desktop": {
        "type": "Direct",
        "requested": "[0.10.14, )",
        "resolved": "0.10.14",
        "contentHash": "mqX7oFScmQKNeuKJAVSIfdsSWzurekn6JgKkJuYMAzpdjK5+cQHD2TuJted0OtBoa9i+3YB5W7jd2XteTAXc+A==",
        "dependencies": {
          "Avalonia": "0.10.14",
          "Avalonia.Native": "0.10.14",
          "Avalonia.Skia": "0.10.14",
          "Avalonia.Win32": "0.10.14",
          "Avalonia.X11": "0.10.14"
        }
      },
      "Avalonia.Diagnostics": {
        "type": "Direct",
        "requested": "[0.10.14, )",
        "resolved": "0.10.14",
        "contentHash": "UEqfP+/LYB2ah/LHIYaQMPFv1e0xPTmkzQNpvtU/1O3cY0QWCUnRrwBclLpWeoN583H7oyaOAf5zEGjSI1m26w==",
        "dependencies": {
          "Avalonia": "0.10.14",
          "Avalonia.Controls.DataGrid": "0.10.14",
          "Microsoft.CodeAnalysis.CSharp.Scripting": "3.4.0",
          "System.Reactive": "5.0.0"
        }
      },
      "Avalonia.ReactiveUI": {
        "type": "Direct",
        "requested": "[0.10.14, )",
        "resolved": "0.10.14",
        "contentHash": "eB7rt9t+tDEeUTpoyEonlgbUEoQc212e1r0uwTMExfbOUt+3EDizZ9EwAdaSFRMlW1IaEgbjPg+ZL4LYXOxABA==",
        "dependencies": {
          "Avalonia": "0.10.14",
          "ReactiveUI": "13.2.10",
          "System.Reactive": "5.0.0"
        }
      },
      "Selenium.WebDriver": {
        "type": "Direct",
        "requested": "[4.1.1, )",
        "resolved": "4.1.1",
        "contentHash": "lUPsSZMoIcDxB5tlppSPUUTMsaZovuUv/rXyYlroM0L3kl32cedOWbZ4m/hbJe9f24JlOqkPG8GX4gS35S+vSw==",
        "dependencies": {
          "Newtonsoft.Json": "12.0.3"
        }
      },
      "XamlNameReferenceGenerator": {
        "type": "Direct",
        "requested": "[1.3.4, )",
        "resolved": "1.3.4",
        "contentHash": "v4mB4WrqmgfNGzSbcksilgWAvJ8gfJjYL/Yvh9wpEgl7irsuhuP/mKPahNXE2VhArKEiGck3th8JtYCG9V4EeQ=="
      },
      "Avalonia.Angle.Windows.Natives": {
        "type": "Transitive",
        "resolved": "2.1.0.2020091801",
        "contentHash": "nGsCPI8FuUknU/e6hZIqlsKRDxClXHZyztmgM8vuwslFC/BIV3LqM2wKefWbr6SORX4Lct4nivhSMkdF/TrKgg=="
      },
      "Avalonia.Controls.DataGrid": {
        "type": "Transitive",
        "resolved": "0.10.14",
        "contentHash": "QriDGooz0ClohlR/vZO5dhFmi3v16CSHCsgVmjxycSZSr7rqhPYm/qIbi6VkZzmKHHafxuIBsI5yqW2foRJQFQ==",
        "dependencies": {
          "Avalonia": "0.10.14",
          "Avalonia.Remote.Protocol": "0.10.14",
          "JetBrains.Annotations": "10.3.0",
          "System.Reactive": "5.0.0"
        }
      },
      "Avalonia.FreeDesktop": {
        "type": "Transitive",
        "resolved": "0.10.14",
        "contentHash": "nU9jEGzHVVW7iGiHWYByEgD4Hc3aby/WMZloLQYs1ZDbFWe/+eOG1YogtPAImpuFQJpWmybi3GEVKtqKt3fM4g==",
        "dependencies": {
          "Avalonia": "0.10.14",
          "Tmds.DBus": "0.9.0"
        }
      },
      "Avalonia.Native": {
        "type": "Transitive",
        "resolved": "0.10.14",
        "contentHash": "xGXejaim9AFAYyUEC2OrFNqRv7WtO5lcd7hZVbWbFbVlofzST547zJWuO2xMlHTYLfgJ3CQHokIcmz13AAWEVg==",
        "dependencies": {
          "Avalonia": "0.10.14"
        }
      },
      "Avalonia.Remote.Protocol": {
        "type": "Transitive",
        "resolved": "0.10.14",
        "contentHash": "UPI5ZevjzImAQIf5DIOiukJndbxTKcDeEQ4FUkjVWGeXM/CBvM/wvhI77fqh5MUEDTMyAw2mtzKzEpTcaR8NoQ=="
      },
      "Avalonia.Skia": {
        "type": "Transitive",
        "resolved": "0.10.14",
        "contentHash": "JkJY2CCZ2KSKfAZA9xp12/X8OXOMkU7ShGb0/yAcnhw075VAD2kXO4A7LbBHk31ZP++si+E5GtSbn1BT+BTwvQ==",
        "dependencies": {
          "Avalonia": "0.10.14",
          "HarfBuzzSharp": "2.8.2-preview.178",
          "HarfBuzzSharp.NativeAssets.Linux": "2.8.2-preview.178",
          "HarfBuzzSharp.NativeAssets.WebAssembly": "2.8.2-preview.178",
          "SkiaSharp": "2.88.0-preview.178",
          "SkiaSharp.NativeAssets.Linux": "2.88.0-preview.178",
          "SkiaSharp.NativeAssets.WebAssembly": "2.88.0-preview.178"
        }
      },
      "Avalonia.Win32": {
        "type": "Transitive",
        "resolved": "0.10.14",
        "contentHash": "uMHu8Ms922HRP0jwJGd67RwyuVeJHo8Ki1hsDY2pMYVcRD4KmC36B0jFiaZ6rXy16WtxUZWsK6HxUEQ78EvKqg==",
        "dependencies": {
          "Avalonia": "0.10.14",
          "Avalonia.Angle.Windows.Natives": "2.1.0.2020091801",
          "System.Drawing.Common": "4.5.0",
          "System.Numerics.Vectors": "4.5.0"
        }
      },
      "Avalonia.X11": {
        "type": "Transitive",
        "resolved": "0.10.14",
        "contentHash": "y71eTavXmz8ATPjmWOJtT/eKh2wu6O7hbXW/zkTSmytiG7hqjvkgOv/At6GGfyMBNR7G5C/lb/9mRd5OqPEevg==",
        "dependencies": {
          "Avalonia": "0.10.14",
          "Avalonia.FreeDesktop": "0.10.14",
          "Avalonia.Skia": "0.10.14"
        }
      },
      "DynamicData": {
        "type": "Transitive",
        "resolved": "7.1.1",
        "contentHash": "Pc6J5bFnSxEa64PV2V67FMcLlDdpv6m+zTBKSnRN3aLon/WtWWy8kuDpHFbJlgXHtqc6Nxloj9ItuvDlvKC/8w==",
        "dependencies": {
          "System.Reactive": "5.0.0"
        }
      },
      "HarfBuzzSharp": {
        "type": "Transitive",
        "resolved": "2.8.2-preview.178",
        "contentHash": "OUir5qn95QRtlc8RWKfU/63xYwtuAbylL2oAj3eBWgAsVoWnFrEv+Oh1sj0xjW7mogFGaeGtY40lqAD1srWJcQ==",
        "dependencies": {
          "HarfBuzzSharp.NativeAssets.Win32": "2.8.2-preview.178",
          "HarfBuzzSharp.NativeAssets.macOS": "2.8.2-preview.178",
          "System.Memory": "4.5.3"
        }
      },
      "HarfBuzzSharp.NativeAssets.Linux": {
        "type": "Transitive",
        "resolved": "2.8.2-preview.178",
        "contentHash": "4scihdELcRpCEubBsUMHUJn93Xvx6ASj596WfO9y8CEuFNW0LBMDL71HBCyq5zXsn8HyGjLtoBLW0PpXbVnpjQ==",
        "dependencies": {
          "HarfBuzzSharp": "2.8.2-preview.178"
        }
      },
      "HarfBuzzSharp.NativeAssets.macOS": {
        "type": "Transitive",
        "resolved": "2.8.2-preview.178",
        "contentHash": "QtmAs62il4vFtt3fFOXhhPDl7TX+NGu4tFB5qmnqUn+EnSJW7mxqNk1n9I7+Z2ORym0nTP4dhcRNtOpOS7Oenw=="
      },
      "HarfBuzzSharp.NativeAssets.WebAssembly": {
        "type": "Transitive",
        "resolved": "2.8.2-preview.178",
        "contentHash": "+S8qtBAVTrt+E85jZXPxYthUgSUq7iB6UZ0v0WFsy9gWhZ/hVE3hZJpcgeywT9H/SRX3ZIX+qzpKJlOM+mUcNA=="
      },
      "HarfBuzzSharp.NativeAssets.Win32": {
        "type": "Transitive",
        "resolved": "2.8.2-preview.178",
        "contentHash": "EgeF5uCZcAriIHmWq3hKNxz/jBJLeP/PKU4yI87UNkJCt4hYignOMjY0irl/rGVZtTL/G05xxf7TB6sjisi8sQ=="
      },
      "JetBrains.Annotations": {
        "type": "Transitive",
        "resolved": "10.3.0",
        "contentHash": "0GLU9lwGVXjUNlr9ZIdAgjqLI2Zm/XFGJFaqJ1T1sU+kwfeMLhm68+rblUrNUP9psRl4i8yM7Ghb4ia4oI2E5g==",
        "dependencies": {
          "System.Runtime": "4.1.0"
        }
      },
      "Microsoft.CodeAnalysis.Analyzers": {
        "type": "Transitive",
        "resolved": "2.9.6",
        "contentHash": "Kmms3TxGQMNb95Cu/3K+0bIcMnV4qf/phZBLAB0HUi65rBPxP4JO3aM2LoAcb+DFS600RQJMZ7ZLyYDTbLwJOQ=="
      },
      "Microsoft.CodeAnalysis.Common": {
        "type": "Transitive",
        "resolved": "3.4.0",
        "contentHash": "3ncA7cV+iXGA1VYwe2UEZXcvWyZSlbexWjM9AvocP7sik5UD93qt9Hq0fMRGk0jFRmvmE4T2g+bGfXiBVZEhLw==",
        "dependencies": {
          "Microsoft.CodeAnalysis.Analyzers": "2.9.6",
          "System.Collections.Immutable": "1.5.0",
          "System.Memory": "4.5.3",
          "System.Reflection.Metadata": "1.6.0",
          "System.Runtime.CompilerServices.Unsafe": "4.5.2",
          "System.Text.Encoding.CodePages": "4.5.1",
          "System.Threading.Tasks.Extensions": "4.5.3"
        }
      },
      "Microsoft.CodeAnalysis.CSharp": {
        "type": "Transitive",
        "resolved": "3.4.0",
        "contentHash": "/LsTtgcMN6Tu1oo7/WYbRAHL4/ubXC/miEakwTpcZKJKtFo7D0AK95Hw0dbGxul6C8WJu60v6NP2435TDYZM+Q==",
        "dependencies": {
          "Microsoft.CodeAnalysis.Common": "[3.4.0]"
        }
      },
      "Microsoft.CodeAnalysis.CSharp.Scripting": {
        "type": "Transitive",
        "resolved": "3.4.0",
        "contentHash": "tLgqc76qXHmONUhWhxo7z3TcL/LmGFWIUJm1exbQmVJohuQvJnejUMxmVkdxDfMuMZU1fIyJXPZ6Fkp4FEneAg==",
        "dependencies": {
          "Microsoft.CSharp": "4.3.0",
          "Microsoft.CodeAnalysis.CSharp": "[3.4.0]",
          "Microsoft.CodeAnalysis.Common": "[3.4.0]",
          "Microsoft.CodeAnalysis.Scripting.Common": "[3.4.0]"
        }
      },
      "Microsoft.CodeAnalysis.Scripting.Common": {
        "type": "Transitive",
        "resolved": "3.4.0",
        "contentHash": "+b6I3DZL2zvck+B/E/aiOveakj5U2G2BcYODQxcGh2IDbatNU3XXxGT1HumkWB5uIZI2Leu0opBgBpjScmjGMA==",
        "dependencies": {
          "Microsoft.CodeAnalysis.Common": "[3.4.0]"
        }
      },
      "Microsoft.CSharp": {
        "type": "Transitive",
        "resolved": "4.3.0",
        "contentHash": "P+MBhIM0YX+JqROuf7i306ZLJEjQYA9uUyRDE+OqwUI5sh41e2ZbPQV3LfAPh+29cmceE1pUffXsGfR4eMY3KA==",
        "dependencies": {
          "System.Collections": "4.3.0",
          "System.Diagnostics.Debug": "4.3.0",
          "System.Dynamic.Runtime": "4.3.0",
          "System.Globalization": "4.3.0",
          "System.Linq": "4.3.0",
          "System.Linq.Expressions": "4.3.0",
          "System.ObjectModel": "4.3.0",
          "System.Reflection": "4.3.0",
          "System.Reflection.Extensions": "4.3.0",
          "System.Reflection.Primitives": "4.3.0",
          "System.Reflection.TypeExtensions": "4.3.0",
          "System.Resources.ResourceManager": "4.3.0",
          "System.Runtime": "4.3.0",
          "System.Runtime.Extensions": "4.3.0",
          "System.Runtime.InteropServices": "4.3.0",
          "System.Threading": "4.3.0"
        }
      },
      "Microsoft.NETCore.Platforms": {
        "type": "Transitive",
        "resolved": "2.1.2",
        "contentHash": "mOJy3M0UN+LUG21dLGMxaWZEP6xYpQEpLuvuEQBaownaX4YuhH6NmNUlN9si+vNkAS6dwJ//N1O4DmLf2CikVg=="
      },
      "Microsoft.NETCore.Targets": {
        "type": "Transitive",
        "resolved": "1.1.0",
        "contentHash": "aOZA3BWfz9RXjpzt0sRJJMjAscAUm3Hoa4UWAfceV9UTYxgwZ1lZt5nO2myFf+/jetYQo4uTP7zS8sJY67BBxg=="
      },
      "Microsoft.Win32.SystemEvents": {
        "type": "Transitive",
        "resolved": "4.5.0",
        "contentHash": "LuI1oG+24TUj1ZRQQjM5Ew73BKnZE5NZ/7eAdh1o8ST5dPhUnJvIkiIn2re3MwnkRy6ELRnvEbBxHP8uALKhJw==",
        "dependencies": {
          "Microsoft.NETCore.Platforms": "2.0.0"
        }
      },
      "Newtonsoft.Json": {
        "type": "Transitive",
        "resolved": "12.0.3",
        "contentHash": "6mgjfnRB4jKMlzHSl+VD+oUc1IebOZabkbyWj2RiTgWwYPPuaK1H97G1sHqGwPlS5npiF5Q0OrxN1wni2n5QWg=="
      },
      "ReactiveUI": {
        "type": "Transitive",
        "resolved": "13.2.10",
        "contentHash": "fOCbEZ+RsO2Jhv6vB8VX+ZEvczYJaC95atcSG7oXohJeL/sEwbbqvv9k+tbj2l4bRSj2j5CQvhwA3HNLaxlCAg==",
        "dependencies": {
          "DynamicData": "7.1.1",
          "Splat": "10.0.1",
          "System.Reactive": "5.0.0",
          "System.Runtime.Serialization.Primitives": "4.3.0"
        }
      },
      "SkiaSharp": {
        "type": "Transitive",
        "resolved": "2.88.0-preview.178",
        "contentHash": "arzd/44ykiBPqGWUuQqNTuJ49rhsXOg4Zw1p2Mm3B/5PZzV1wcTH4V+J+4ra8RS0KbIoy4KWeNF+zHAifNsiRg==",
        "dependencies": {
          "SkiaSharp.NativeAssets.Win32": "2.88.0-preview.178",
          "SkiaSharp.NativeAssets.macOS": "2.88.0-preview.178",
          "System.Memory": "4.5.3"
        }
      },
      "SkiaSharp.NativeAssets.Linux": {
        "type": "Transitive",
        "resolved": "2.88.0-preview.178",
        "contentHash": "nc9C8zGvL2G7p0lcTPhN4EOt2Mozv6KLJinMwjF97sYoI5cpkXCPZSRTcyf8k49gAZaOd+UMGaygCAz/8vaaWg==",
        "dependencies": {
          "SkiaSharp": "2.88.0-preview.178"
        }
      },
      "SkiaSharp.NativeAssets.macOS": {
        "type": "Transitive",
        "resolved": "2.88.0-preview.178",
        "contentHash": "+Hs3ku4buimzBHuc8FoyjOcE6eU5r98zcG7WH/s+doYQ1bFIjk+dKfqthgZ2o0NRAv8D3esq9rWrZTj12q+m1w=="
      },
      "SkiaSharp.NativeAssets.WebAssembly": {
        "type": "Transitive",
        "resolved": "2.88.0-preview.178",
        "contentHash": "u4Ss81oOlx0dhu5fxl4vK5f2Hm7psHDUSAoQValNV/BmixsW4TkETE3dOnHNRWwI56++tRG9dK33HimZDUrUpw=="
      },
      "SkiaSharp.NativeAssets.Win32": {
        "type": "Transitive",
        "resolved": "2.88.0-preview.178",
        "contentHash": "9og9GCkdZc/NYrmbsRzohmIBRlS1oFegJiBMsoG93qYjhh2o6q5QBYxd61zw5Mgeytl3qj4YM+6BNIF4tcF+6w=="
      },
      "Splat": {
        "type": "Transitive",
        "resolved": "10.0.1",
        "contentHash": "N8BMGVuUBnVLAHSVbna/st8XiLd8ulF3BfkKUSGCPqYpDCis3ELvM+aFaZQLBUIBEcweCYVLq3HFEBqHkCKFyA=="
      },
      "System.Collections": {
        "type": "Transitive",
        "resolved": "4.3.0",
        "contentHash": "3Dcj85/TBdVpL5Zr+gEEBUuFe2icOnLalmEh9hfck1PTYbbyWuZgh4fmm2ysCLTrqLQw6t3TgTyJ+VLp+Qb+Lw==",
        "dependencies": {
          "Microsoft.NETCore.Platforms": "1.1.0",
          "Microsoft.NETCore.Targets": "1.1.0",
          "System.Runtime": "4.3.0"
        }
      },
      "System.Collections.Immutable": {
        "type": "Transitive",
        "resolved": "1.5.0",
        "contentHash": "EXKiDFsChZW0RjrZ4FYHu9aW6+P4MCgEDCklsVseRfhoO0F+dXeMSsMRAlVXIo06kGJ/zv+2w1a2uc2+kxxSaQ=="
      },
      "System.ComponentModel.Annotations": {
        "type": "Transitive",
        "resolved": "4.5.0",
        "contentHash": "UxYQ3FGUOtzJ7LfSdnYSFd7+oEv6M8NgUatatIN2HxNtDdlcvFAf+VIq4Of9cDMJEJC0aSRv/x898RYhB4Yppg=="
      },
      "System.Diagnostics.Debug": {
        "type": "Transitive",
        "resolved": "4.3.0",
        "contentHash": "ZUhUOdqmaG5Jk3Xdb8xi5kIyQYAA4PnTNlHx1mu9ZY3qv4ELIdKbnL/akbGaKi2RnNUWaZsAs31rvzFdewTj2g==",
        "dependencies": {
          "Microsoft.NETCore.Platforms": "1.1.0",
          "Microsoft.NETCore.Targets": "1.1.0",
          "System.Runtime": "4.3.0"
        }
      },
      "System.Drawing.Common": {
        "type": "Transitive",
        "resolved": "4.5.0",
        "contentHash": "AiJFxxVPdeITstiRS5aAu8+8Dpf5NawTMoapZ53Gfirml24p7HIfhjmCRxdXnmmf3IUA3AX3CcW7G73CjWxW/Q==",
        "dependencies": {
          "Microsoft.NETCore.Platforms": "2.0.0",
          "Microsoft.Win32.SystemEvents": "4.5.0"
        }
      },
      "System.Dynamic.Runtime": {
        "type": "Transitive",
        "resolved": "4.3.0",
        "contentHash": "SNVi1E/vfWUAs/WYKhE9+qlS6KqK0YVhnlT0HQtr8pMIA8YX3lwy3uPMownDwdYISBdmAF/2holEIldVp85Wag==",
        "dependencies": {
          "System.Collections": "4.3.0",
          "System.Diagnostics.Debug": "4.3.0",
          "System.Linq": "4.3.0",
          "System.Linq.Expressions": "4.3.0",
          "System.ObjectModel": "4.3.0",
          "System.Reflection": "4.3.0",
          "System.Reflection.Emit": "4.3.0",
          "System.Reflection.Emit.ILGeneration": "4.3.0",
          "System.Reflection.Primitives": "4.3.0",
          "System.Reflection.TypeExtensions": "4.3.0",
          "System.Resources.ResourceManager": "4.3.0",
          "System.Runtime": "4.3.0",
          "System.Runtime.Extensions": "4.3.0",
          "System.Threading": "4.3.0"
        }
      },
      "System.Globalization": {
        "type": "Transitive",
        "resolved": "4.3.0",
        "contentHash": "kYdVd2f2PAdFGblzFswE4hkNANJBKRmsfa2X5LG2AcWE1c7/4t0pYae1L8vfZ5xvE2nK/R9JprtToA61OSHWIg==",
        "dependencies": {
          "Microsoft.NETCore.Platforms": "1.1.0",
          "Microsoft.NETCore.Targets": "1.1.0",
          "System.Runtime": "4.3.0"
        }
      },
      "System.IO": {
        "type": "Transitive",
        "resolved": "4.3.0",
        "contentHash": "3qjaHvxQPDpSOYICjUoTsmoq5u6QJAFRUITgeT/4gqkF1bajbSmb1kwSxEA8AHlofqgcKJcM8udgieRNhaJ5Cg==",
        "dependencies": {
          "Microsoft.NETCore.Platforms": "1.1.0",
          "Microsoft.NETCore.Targets": "1.1.0",
          "System.Runtime": "4.3.0",
          "System.Text.Encoding": "4.3.0",
          "System.Threading.Tasks": "4.3.0"
        }
      },
      "System.Linq": {
        "type": "Transitive",
        "resolved": "4.3.0",
        "contentHash": "5DbqIUpsDp0dFftytzuMmc0oeMdQwjcP/EWxsksIz/w1TcFRkZ3yKKz0PqiYFMmEwPSWw+qNVqD7PJ889JzHbw==",
        "dependencies": {
          "System.Collections": "4.3.0",
          "System.Diagnostics.Debug": "4.3.0",
          "System.Resources.ResourceManager": "4.3.0",
          "System.Runtime": "4.3.0",
          "System.Runtime.Extensions": "4.3.0"
        }
      },
      "System.Linq.Expressions": {
        "type": "Transitive",
        "resolved": "4.3.0",
        "contentHash": "PGKkrd2khG4CnlyJwxwwaWWiSiWFNBGlgXvJpeO0xCXrZ89ODrQ6tjEWS/kOqZ8GwEOUATtKtzp1eRgmYNfclg==",
        "dependencies": {
          "System.Collections": "4.3.0",
          "System.Diagnostics.Debug": "4.3.0",
          "System.Globalization": "4.3.0",
          "System.IO": "4.3.0",
          "System.Linq": "4.3.0",
          "System.ObjectModel": "4.3.0",
          "System.Reflection": "4.3.0",
          "System.Reflection.Emit": "4.3.0",
          "System.Reflection.Emit.ILGeneration": "4.3.0",
          "System.Reflection.Emit.Lightweight": "4.3.0",
          "System.Reflection.Extensions": "4.3.0",
          "System.Reflection.Primitives": "4.3.0",
          "System.Reflection.TypeExtensions": "4.3.0",
          "System.Resources.ResourceManager": "4.3.0",
          "System.Runtime": "4.3.0",
          "System.Runtime.Extensions": "4.3.0",
          "System.Threading": "4.3.0"
        }
      },
      "System.Memory": {
        "type": "Transitive",
        "resolved": "4.5.3",
        "contentHash": "3oDzvc/zzetpTKWMShs1AADwZjQ/36HnsufHRPcOjyRAAMLDlu2iD33MBI2opxnezcVUtXyqDXXjoFMOU9c7SA=="
      },
      "System.Numerics.Vectors": {
        "type": "Transitive",
        "resolved": "4.5.0",
        "contentHash": "QQTlPTl06J/iiDbJCiepZ4H//BVraReU4O4EoRw1U02H5TLUIT7xn3GnDp9AXPSlJUDyFs4uWjWafNX6WrAojQ=="
      },
      "System.ObjectModel": {
        "type": "Transitive",
        "resolved": "4.3.0",
        "contentHash": "bdX+80eKv9bN6K4N+d77OankKHGn6CH711a6fcOpMQu2Fckp/Ft4L/kW9WznHpyR0NRAvJutzOMHNNlBGvxQzQ==",
        "dependencies": {
          "System.Collections": "4.3.0",
          "System.Diagnostics.Debug": "4.3.0",
          "System.Resources.ResourceManager": "4.3.0",
          "System.Runtime": "4.3.0",
          "System.Threading": "4.3.0"
        }
      },
      "System.Reactive": {
        "type": "Transitive",
        "resolved": "5.0.0",
        "contentHash": "erBZjkQHWL9jpasCE/0qKAryzVBJFxGHVBAvgRN1bzM0q2s1S4oYREEEL0Vb+1kA/6BKb5FjUZMp5VXmy+gzkQ=="
      },
      "System.Reflection": {
        "type": "Transitive",
        "resolved": "4.3.0",
        "contentHash": "KMiAFoW7MfJGa9nDFNcfu+FpEdiHpWgTcS2HdMpDvt9saK3y/G4GwprPyzqjFH9NTaGPQeWNHU+iDlDILj96aQ==",
        "dependencies": {
          "Microsoft.NETCore.Platforms": "1.1.0",
          "Microsoft.NETCore.Targets": "1.1.0",
          "System.IO": "4.3.0",
          "System.Reflection.Primitives": "4.3.0",
          "System.Runtime": "4.3.0"
        }
      },
      "System.Reflection.Emit": {
        "type": "Transitive",
        "resolved": "4.7.0",
        "contentHash": "VR4kk8XLKebQ4MZuKuIni/7oh+QGFmZW3qORd1GvBq/8026OpW501SzT/oypwiQl4TvT8ErnReh/NzY9u+C6wQ=="
      },
      "System.Reflection.Emit.ILGeneration": {
        "type": "Transitive",
        "resolved": "4.3.0",
        "contentHash": "59tBslAk9733NXLrUJrwNZEzbMAcu8k344OYo+wfSVygcgZ9lgBdGIzH/nrg3LYhXceynyvTc8t5/GD4Ri0/ng==",
        "dependencies": {
          "System.Reflection": "4.3.0",
          "System.Reflection.Primitives": "4.3.0",
          "System.Runtime": "4.3.0"
        }
      },
      "System.Reflection.Emit.Lightweight": {
        "type": "Transitive",
        "resolved": "4.3.0",
        "contentHash": "oadVHGSMsTmZsAF864QYN1t1QzZjIcuKU3l2S9cZOwDdDueNTrqq1yRj7koFfIGEnKpt6NjpL3rOzRhs4ryOgA==",
        "dependencies": {
          "System.Reflection": "4.3.0",
          "System.Reflection.Emit.ILGeneration": "4.3.0",
          "System.Reflection.Primitives": "4.3.0",
          "System.Runtime": "4.3.0"
        }
      },
      "System.Reflection.Extensions": {
        "type": "Transitive",
        "resolved": "4.3.0",
        "contentHash": "rJkrJD3kBI5B712aRu4DpSIiHRtr6QlfZSQsb0hYHrDCZORXCFjQfoipo2LaMUHoT9i1B7j7MnfaEKWDFmFQNQ==",
        "dependencies": {
          "Microsoft.NETCore.Platforms": "1.1.0",
          "Microsoft.NETCore.Targets": "1.1.0",
          "System.Reflection": "4.3.0",
          "System.Runtime": "4.3.0"
        }
      },
      "System.Reflection.Metadata": {
        "type": "Transitive",
        "resolved": "1.6.0",
        "contentHash": "COC1aiAJjCoA5GBF+QKL2uLqEBew4JsCkQmoHKbN3TlOZKa2fKLz5CpiRQKDz0RsAOEGsVKqOD5bomsXq/4STQ=="
      },
      "System.Reflection.Primitives": {
        "type": "Transitive",
        "resolved": "4.3.0",
        "contentHash": "5RXItQz5As4xN2/YUDxdpsEkMhvw3e6aNveFXUn4Hl/udNTCNhnKp8lT9fnc3MhvGKh1baak5CovpuQUXHAlIA==",
        "dependencies": {
          "Microsoft.NETCore.Platforms": "1.1.0",
          "Microsoft.NETCore.Targets": "1.1.0",
          "System.Runtime": "4.3.0"
        }
      },
      "System.Reflection.TypeExtensions": {
        "type": "Transitive",
        "resolved": "4.3.0",
        "contentHash": "7u6ulLcZbyxB5Gq0nMkQttcdBTx57ibzw+4IOXEfR+sXYQoHvjW5LTLyNr8O22UIMrqYbchJQJnos4eooYzYJA==",
        "dependencies": {
          "System.Reflection": "4.3.0",
          "System.Runtime": "4.3.0"
        }
      },
      "System.Resources.ResourceManager": {
        "type": "Transitive",
        "resolved": "4.3.0",
        "contentHash": "/zrcPkkWdZmI4F92gL/TPumP98AVDu/Wxr3CSJGQQ+XN6wbRZcyfSKVoPo17ilb3iOr0cCRqJInGwNMolqhS8A==",
        "dependencies": {
          "Microsoft.NETCore.Platforms": "1.1.0",
          "Microsoft.NETCore.Targets": "1.1.0",
          "System.Globalization": "4.3.0",
          "System.Reflection": "4.3.0",
          "System.Runtime": "4.3.0"
        }
      },
      "System.Runtime": {
        "type": "Transitive",
        "resolved": "4.3.0",
        "contentHash": "JufQi0vPQ0xGnAczR13AUFglDyVYt4Kqnz1AZaiKZ5+GICq0/1MH/mO/eAJHt/mHW1zjKBJd7kV26SrxddAhiw==",
        "dependencies": {
          "Microsoft.NETCore.Platforms": "1.1.0",
          "Microsoft.NETCore.Targets": "1.1.0"
        }
      },
      "System.Runtime.CompilerServices.Unsafe": {
        "type": "Transitive",
        "resolved": "4.6.0",
        "contentHash": "HxozeSlipUK7dAroTYwIcGwKDeOVpQnJlpVaOkBz7CM4TsE5b/tKlQBZecTjh6FzcSbxndYaxxpsBMz+wMJeyw=="
      },
      "System.Runtime.Extensions": {
        "type": "Transitive",
        "resolved": "4.3.0",
        "contentHash": "guW0uK0fn5fcJJ1tJVXYd7/1h5F+pea1r7FLSOz/f8vPEqbR2ZAknuRDvTQ8PzAilDveOxNjSfr0CHfIQfFk8g==",
        "dependencies": {
          "Microsoft.NETCore.Platforms": "1.1.0",
          "Microsoft.NETCore.Targets": "1.1.0",
          "System.Runtime": "4.3.0"
        }
      },
      "System.Runtime.Handles": {
        "type": "Transitive",
        "resolved": "4.3.0",
        "contentHash": "OKiSUN7DmTWeYb3l51A7EYaeNMnvxwE249YtZz7yooT4gOZhmTjIn48KgSsw2k2lYdLgTKNJw/ZIfSElwDRVgg==",
        "dependencies": {
          "Microsoft.NETCore.Platforms": "1.1.0",
          "Microsoft.NETCore.Targets": "1.1.0",
          "System.Runtime": "4.3.0"
        }
      },
      "System.Runtime.InteropServices": {
        "type": "Transitive",
        "resolved": "4.3.0",
        "contentHash": "uv1ynXqiMK8mp1GM3jDqPCFN66eJ5w5XNomaK2XD+TuCroNTLFGeZ+WCmBMcBDyTFKou3P6cR6J/QsaqDp7fGQ==",
        "dependencies": {
          "Microsoft.NETCore.Platforms": "1.1.0",
          "Microsoft.NETCore.Targets": "1.1.0",
          "System.Reflection": "4.3.0",
          "System.Reflection.Primitives": "4.3.0",
          "System.Runtime": "4.3.0",
          "System.Runtime.Handles": "4.3.0"
        }
      },
      "System.Runtime.Serialization.Primitives": {
        "type": "Transitive",
        "resolved": "4.3.0",
        "contentHash": "Wz+0KOukJGAlXjtKr+5Xpuxf8+c8739RI1C+A2BoQZT+wMCCoMDDdO8/4IRHfaVINqL78GO8dW8G2lW/e45Mcw==",
        "dependencies": {
          "System.Resources.ResourceManager": "4.3.0",
          "System.Runtime": "4.3.0"
        }
      },
      "System.Security.Principal.Windows": {
        "type": "Transitive",
        "resolved": "4.7.0",
        "contentHash": "ojD0PX0XhneCsUbAZVKdb7h/70vyYMDYs85lwEI+LngEONe/17A0cFaRFqZU+sOEidcVswYWikYOQ9PPfjlbtQ=="
      },
      "System.Text.Encoding": {
        "type": "Transitive",
        "resolved": "4.3.0",
        "contentHash": "BiIg+KWaSDOITze6jGQynxg64naAPtqGHBwDrLaCtixsa5bKiR8dpPOHA7ge3C0JJQizJE+sfkz1wV+BAKAYZw==",
        "dependencies": {
          "Microsoft.NETCore.Platforms": "1.1.0",
          "Microsoft.NETCore.Targets": "1.1.0",
          "System.Runtime": "4.3.0"
        }
      },
      "System.Text.Encoding.CodePages": {
        "type": "Transitive",
        "resolved": "4.5.1",
        "contentHash": "4J2JQXbftjPMppIHJ7IC+VXQ9XfEagN92vZZNoG12i+zReYlim5dMoXFC1Zzg7tsnKDM7JPo5bYfFK4Jheq44w==",
        "dependencies": {
          "Microsoft.NETCore.Platforms": "2.1.2",
          "System.Runtime.CompilerServices.Unsafe": "4.5.2"
        }
      },
      "System.Threading": {
        "type": "Transitive",
        "resolved": "4.3.0",
        "contentHash": "VkUS0kOBcUf3Wwm0TSbrevDDZ6BlM+b/HRiapRFWjM5O0NS0LviG0glKmFK+hhPDd1XFeSdU1GmlLhb2CoVpIw==",
        "dependencies": {
          "System.Runtime": "4.3.0",
          "System.Threading.Tasks": "4.3.0"
        }
      },
      "System.Threading.Tasks": {
        "type": "Transitive",
        "resolved": "4.3.0",
        "contentHash": "LbSxKEdOUhVe8BezB/9uOGGppt+nZf6e1VFyw6v3DN6lqitm0OSn2uXMOdtP0M3W4iMcqcivm2J6UgqiwwnXiA==",
        "dependencies": {
          "Microsoft.NETCore.Platforms": "1.1.0",
          "Microsoft.NETCore.Targets": "1.1.0",
          "System.Runtime": "4.3.0"
        }
      },
      "System.Threading.Tasks.Extensions": {
        "type": "Transitive",
        "resolved": "4.5.3",
        "contentHash": "+MvhNtcvIbqmhANyKu91jQnvIRVSTiaOiFNfKWwXGHG48YAb4I/TyH8spsySiPYla7gKal5ZnF3teJqZAximyQ=="
      },
      "System.ValueTuple": {
        "type": "Transitive",
        "resolved": "4.5.0",
        "contentHash": "okurQJO6NRE/apDIP23ajJ0hpiNmJ+f0BwOlB/cSqTLQlw5upkf+5+96+iG2Jw40G1fCVCyPz/FhIABUjMR+RQ=="
      },
      "Tmds.DBus": {
        "type": "Transitive",
        "resolved": "0.9.0",
        "contentHash": "KcTWL9aKuob9Qo2sOTTKFePs1rKGTwZrcBvMFuGVIVR5RojX3oIFj5UBLYfSGjYgrcImC7LjQI3DdCFwUnhNXw==",
        "dependencies": {
          "System.Reflection.Emit": "4.7.0",
          "System.Security.Principal.Windows": "4.7.0"
        }
      }
    }
  }
}